
Microsoft Visual Studio Solution File, Format Version 12.00
# Visual Studio 15
VisualStudioVersion = 15.0.27004.2002
MinimumVisualStudioVersion = 10.0.40219.1
Project("{9A19103F-16F7-4668-BE54-9A1E7A4F7556}") = "ConsoleApp33", "ConsoleApp33\ConsoleApp33.csproj", "{F9B9D68A-0D48-49E4-AFDF-0AFFE18CFAD3}"
EndProject
Project("{9A19103F-16F7-4668-BE54-9A1E7A4F7556}") = "Canducci.Simply.SqlBuilder", "Canducci.Simply.SqlBuilder\Canducci.Simply.SqlBuilder.csproj", "{EF885768-0E58-4187-A9FB-346658B42888}"
EndProject
Project("{FAE04EC0-301F-11D3-BF4B-00C04F79EFBC}") = "ConsoleApp35", "..\ConsoleApp35\ConsoleApp35\ConsoleApp35.csproj", "{DA3BD1CD-2D60-46BB-ADDF-F8E8CE4D7F2E}"
EndProject
Global
	GlobalSection(SolutionConfigurationPlatforms) = preSolution
		Debug|Any CPU = Debug|Any CPU
		Release|Any CPU = Release|Any CPU
	EndGlobalSection
	GlobalSection(ProjectConfigurationPlatforms) = postSolution
		{F9B9D68A-0D48-49E4-AFDF-0AFFE18CFAD3}.Debug|Any CPU.ActiveCfg = Debug|Any CPU
		{F9B9D68A-0D48-49E4-AFDF-0AFFE18CFAD3}.Debug|Any CPU.Build.0 = Debug|Any CPU
		{F9B9D68A-0D48-49E4-AFDF-0AFFE18CFAD3}.Release|Any CPU.ActiveCfg = Release|Any CPU
		{F9B9D68A-0D48-49E4-AFDF-0AFFE18CFAD3}.Release|Any CPU.Build.0 = Release|Any CPU
		{EF885768-0E58-4187-A9FB-346658B42888}.Debug|Any CPU.ActiveCfg = Debug|Any CPU
		{EF885768-0E58-4187-A9FB-346658B42888}.Debug|Any CPU.Build.0 = Debug|Any CPU
		{EF885768-0E58-4187-A9FB-346658B42888}.Release|Any CPU.ActiveCfg = Release|Any CPU
		{EF885768-0E58-4187-A9FB-346658B42888}.Release|Any CPU.Build.0 = Release|Any CPU
		{DA3BD1CD-2D60-46BB-ADDF-F8E8CE4D7F2E}.Debug|Any CPU.ActiveCfg = Debug|Any CPU
		{DA3BD1CD-2D60-46BB-ADDF-F8E8CE4D7F2E}.Debug|Any CPU.Build.0 = Debug|Any CPU
		{DA3BD1CD-2D60-46BB-ADDF-F8E8CE4D7F2E}.Release|Any CPU.ActiveCfg = Release|Any CPU
		{DA3BD1CD-2D60-46BB-ADDF-F8E8CE4D7F2E}.Release|Any CPU.Build.0 = Release|Any CPU
	EndGlobalSection
	GlobalSection(SolutionProperties) = preSolution
		HideSolutionNode = FALSE
	EndGlobalSection
	GlobalSection(ExtensibilityGlobals) = postSolution
		SolutionGuid = {F1585BAC-4EC5-4B7F-ADF3-C85D26C699BA}
	EndGlobalSection
EndGlobal
